
Microsoft Visual Studio Solution File, Format Version 12.00
# Visual Studio 15
VisualStudioVersion = 15.0.27428.2037
MinimumVisualStudioVersion = 10.0.40219.1
Project("{9A19103F-16F7-4668-BE54-9A1E7A4F7556}") = "Behold_the_watcher", "Behold_the_watcher.csproj", "{EBD92958-FB99-4386-9EE5-8115F09259EB}"
EndProject
Global
	GlobalSection(SolutionConfigurationPlatforms) = preSolution
		Debug|Any CPU = Debug|Any CPU
		Release|Any CPU = Release|Any CPU
	EndGlobalSection
	GlobalSection(ProjectConfigurationPlatforms) = postSolution
		{EBD92958-FB99-4386-9EE5-8115F09259EB}.Debug|Any CPU.ActiveCfg = Debug|Any CPU
		{EBD92958-FB99-4386-9EE5-8115F09259EB}.Debug|Any CPU.Build.0 = Debug|Any CPU
		{EBD92958-FB99-4386-9EE5-8115F09259EB}.Release|Any CPU.ActiveCfg = Release|Any CPU
		{EBD92958-FB99-4386-9EE5-8115F09259EB}.Release|Any CPU.Build.0 = Release|Any CPU
	EndGlobalSection
	GlobalSection(SolutionProperties) = preSolution
		HideSolutionNode = FALSE
	EndGlobalSection
	GlobalSection(ExtensibilityGlobals) = postSolution
		SolutionGuid = {7F607A4C-2179-4E06-A668-5C5A517F99A2}
	EndGlobalSection
EndGlobal
